// !$*UTF8*$!
{
	archiveVersion = 1;
	classes = {
	};
	objectVersion = 46;
	objects = {

/* Begin PBXBuildFile section */
		730F62A5154E4C9800644C80 /* RendezvousCurrentUser.m in Sources */ = {isa = PBXBuildFile; fileRef = 730F62A4154E4C9800644C80 /* RendezvousCurrentUser.m */; };
		730F62A9154E4EBC00644C80 /* RendezvousMatchViewControllerViewController.m in Sources */ = {isa = PBXBuildFile; fileRef = 730F62A8154E4EBC00644C80 /* RendezvousMatchViewControllerViewController.m */; };
		732809F51555CB9400C716AD /* RendezvousAddTableViewController.m in Sources */ = {isa = PBXBuildFile; fileRef = 732809F41555CB9400C716AD /* RendezvousAddTableViewController.m */; };
		73C77F80154DB12B00453D96 /* UIKit.framework in Frameworks */ = {isa = PBXBuildFile; fileRef = 73C77F7F154DB12B00453D96 /* UIKit.framework */; };
		73C77F82154DB12B00453D96 /* Foundation.framework in Frameworks */ = {isa = PBXBuildFile; fileRef = 73C77F81154DB12B00453D96 /* Foundation.framework */; };
		73C77F84154DB12B00453D96 /* CoreGraphics.framework in Frameworks */ = {isa = PBXBuildFile; fileRef = 73C77F83154DB12B00453D96 /* CoreGraphics.framework */; };
		73C77F8A154DB12B00453D96 /* InfoPlist.strings in Resources */ = {isa = PBXBuildFile; fileRef = 73C77F88154DB12B00453D96 /* InfoPlist.strings */; };
		73C77F8C154DB12B00453D96 /* main.m in Sources */ = {isa = PBXBuildFile; fileRef = 73C77F8B154DB12B00453D96 /* main.m */; };
		73C77F90154DB12B00453D96 /* RendezvousAppDelegate.m in Sources */ = {isa = PBXBuildFile; fileRef = 73C77F8F154DB12B00453D96 /* RendezvousAppDelegate.m */; };
		73C77F93154DB12B00453D96 /* MainStoryboard.storyboard in Resources */ = {isa = PBXBuildFile; fileRef = 73C77F91154DB12B00453D96 /* MainStoryboard.storyboard */; };
		73C77F96154DB12B00453D96 /* RendezvousHomeViewController.m in Sources */ = {isa = PBXBuildFile; fileRef = 73C77F95154DB12B00453D96 /* RendezvousHomeViewController.m */; };
		73C77F9E154DB1FE00453D96 /* RendezvousListTableViewController.m in Sources */ = {isa = PBXBuildFile; fileRef = 73C77F9D154DB1FE00453D96 /* RendezvousListTableViewController.m */; };
		73C77FBF154DC35100453D96 /* FBDialog.bundle in Resources */ = {isa = PBXBuildFile; fileRef = 73C77FB2154DC35100453D96 /* FBDialog.bundle */; };
		73C77FC0154DC35100453D96 /* libfacebook_ios_sdk.a in Frameworks */ = {isa = PBXBuildFile; fileRef = 73C77FB8154DC35100453D96 /* libfacebook_ios_sdk.a */; };
		73DCB76D1558A12100BDD62C /* RendezvousUserViewController.m in Sources */ = {isa = PBXBuildFile; fileRef = 73DCB76C1558A12100BDD62C /* RendezvousUserViewController.m */; };
		73E1142815696A32008D215E /* RendezvousAboutViewController.m in Sources */ = {isa = PBXBuildFile; fileRef = 73E1142715696A32008D215E /* RendezvousAboutViewController.m */; };
		73E1142C15698971008D215E /* RendezvousSearchDisplayController.m in Sources */ = {isa = PBXBuildFile; fileRef = 73E1142B15698971008D215E /* RendezvousSearchDisplayController.m */; };
		73FDAB84156A45A200666F20 /* MWCaptionView.m in Sources */ = {isa = PBXBuildFile; fileRef = 73FDAB5D156A45A100666F20 /* MWCaptionView.m */; settings = {COMPILER_FLAGS = "-fno-objc-arc"; }; };
		73FDAB85156A45A200666F20 /* MWPhoto.m in Sources */ = {isa = PBXBuildFile; fileRef = 73FDAB5F156A45A100666F20 /* MWPhoto.m */; settings = {COMPILER_FLAGS = "-fno-objc-arc"; }; };
		73FDAB86156A45A200666F20 /* MWPhotoBrowser.m in Sources */ = {isa = PBXBuildFile; fileRef = 73FDAB61156A45A100666F20 /* MWPhotoBrowser.m */; settings = {COMPILER_FLAGS = "-fno-objc-arc"; }; };
		73FDAB87156A45A200666F20 /* MWTapDetectingImageView.m in Sources */ = {isa = PBXBuildFile; fileRef = 73FDAB64156A45A100666F20 /* MWTapDetectingImageView.m */; settings = {COMPILER_FLAGS = "-fno-objc-arc"; }; };
		73FDAB88156A45A200666F20 /* MWTapDetectingView.m in Sources */ = {isa = PBXBuildFile; fileRef = 73FDAB66156A45A100666F20 /* MWTapDetectingView.m */; settings = {COMPILER_FLAGS = "-fno-objc-arc"; }; };
		73FDAB89156A45A200666F20 /* MWZoomingScrollView.m in Sources */ = {isa = PBXBuildFile; fileRef = 73FDAB68156A45A100666F20 /* MWZoomingScrollView.m */; settings = {COMPILER_FLAGS = "-fno-objc-arc"; }; };
		73FDAB8A156A45A200666F20 /* MBProgressHUD.m in Sources */ = {isa = PBXBuildFile; fileRef = 73FDAB6C156A45A100666F20 /* MBProgressHUD.m */; settings = {COMPILER_FLAGS = "-fno-objc-arc"; }; };
		73FDAB8B156A45A200666F20 /* README.mdown in Resources */ = {isa = PBXBuildFile; fileRef = 73FDAB6D156A45A200666F20 /* README.mdown */; };
		73FDAB8C156A45A200666F20 /* .gitignore in Resources */ = {isa = PBXBuildFile; fileRef = 73FDAB6F156A45A200666F20 /* .gitignore */; };
		73FDAB8D156A45A200666F20 /* LICENSE in Resources */ = {isa = PBXBuildFile; fileRef = 73FDAB70156A45A200666F20 /* LICENSE */; };
		73FDAB8E156A45A200666F20 /* README.md in Resources */ = {isa = PBXBuildFile; fileRef = 73FDAB71156A45A200666F20 /* README.md */; };
		73FDAB8F156A45A200666F20 /* SDImageCache.m in Sources */ = {isa = PBXBuildFile; fileRef = 73FDAB73156A45A200666F20 /* SDImageCache.m */; settings = {COMPILER_FLAGS = "-fno-objc-arc"; }; };
		73FDAB90156A45A200666F20 /* SDWebImageDecoder.m in Sources */ = {isa = PBXBuildFile; fileRef = 73FDAB77156A45A200666F20 /* SDWebImageDecoder.m */; settings = {COMPILER_FLAGS = "-fno-objc-arc"; }; };
		73FDAB91156A45A200666F20 /* SDWebImageDownloader.m in Sources */ = {isa = PBXBuildFile; fileRef = 73FDAB79156A45A200666F20 /* SDWebImageDownloader.m */; settings = {COMPILER_FLAGS = "-fno-objc-arc"; }; };
		73FDAB92156A45A200666F20 /* SDWebImageManager.m in Sources */ = {isa = PBXBuildFile; fileRef = 73FDAB7C156A45A200666F20 /* SDWebImageManager.m */; settings = {COMPILER_FLAGS = "-fno-objc-arc"; }; };
		73FDAB93156A45A200666F20 /* SDWebImagePrefetcher.m in Sources */ = {isa = PBXBuildFile; fileRef = 73FDAB7F156A45A200666F20 /* SDWebImagePrefetcher.m */; settings = {COMPILER_FLAGS = "-fno-objc-arc"; }; };
		73FDAB94156A45A200666F20 /* UIButton+WebCache.m in Sources */ = {isa = PBXBuildFile; fileRef = 73FDAB81156A45A200666F20 /* UIButton+WebCache.m */; settings = {COMPILER_FLAGS = "-fno-objc-arc"; }; };
		73FDAB95156A45A200666F20 /* UIImageView+WebCache.m in Sources */ = {isa = PBXBuildFile; fileRef = 73FDAB83156A45A200666F20 /* UIImageView+WebCache.m */; settings = {COMPILER_FLAGS = "-fno-objc-arc"; }; };
		73FDAB97156A45DC00666F20 /* MWPhotoBrowser.bundle in Resources */ = {isa = PBXBuildFile; fileRef = 73FDAB96156A45DC00666F20 /* MWPhotoBrowser.bundle */; };
		76D319611559C0EF0080EFB6 /* RendezvousSplashViewController.m in Sources */ = {isa = PBXBuildFile; fileRef = 76D319601559C0EF0080EFB6 /* RendezvousSplashViewController.m */; };
		76D319681559E99F0080EFB6 /* Default.png in Resources */ = {isa = PBXBuildFile; fileRef = 76D319671559E99F0080EFB6 /* Default.png */; };
		76DFFE0A155DC2D30044C493 /* apple-touch-icon-precomposed.png in Resources */ = {isa = PBXBuildFile; fileRef = 76DFFE09155DC2D30044C493 /* apple-touch-icon-precomposed.png */; };
/* End PBXBuildFile section */

/* Begin PBXFileReference section */
		730F62A3154E4C9800644C80 /* RendezvousCurrentUser.h */ = {isa = PBXFileReference; fileEncoding = 4; lastKnownFileType = sourcecode.c.h; path = RendezvousCurrentUser.h; sourceTree = SOURCE_ROOT; };
		730F62A4154E4C9800644C80 /* RendezvousCurrentUser.m */ = {isa = PBXFileReference; fileEncoding = 4; lastKnownFileType = sourcecode.c.objc; path = RendezvousCurrentUser.m; sourceTree = SOURCE_ROOT; };
		730F62A7154E4EBC00644C80 /* RendezvousMatchViewControllerViewController.h */ = {isa = PBXFileReference; fileEncoding = 4; lastKnownFileType = sourcecode.c.h; path = RendezvousMatchViewControllerViewController.h; sourceTree = SOURCE_ROOT; };
		730F62A8154E4EBC00644C80 /* RendezvousMatchViewControllerViewController.m */ = {isa = PBXFileReference; fileEncoding = 4; lastKnownFileType = sourcecode.c.objc; path = RendezvousMatchViewControllerViewController.m; sourceTree = SOURCE_ROOT; };
		732809F31555CB9400C716AD /* RendezvousAddTableViewController.h */ = {isa = PBXFileReference; fileEncoding = 4; lastKnownFileType = sourcecode.c.h; path = RendezvousAddTableViewController.h; sourceTree = SOURCE_ROOT; };
		732809F41555CB9400C716AD /* RendezvousAddTableViewController.m */ = {isa = PBXFileReference; fileEncoding = 4; lastKnownFileType = sourcecode.c.objc; path = RendezvousAddTableViewController.m; sourceTree = SOURCE_ROOT; };
		73C77F7B154DB12B00453D96 /* Rendezvous.app */ = {isa = PBXFileReference; explicitFileType = wrapper.application; includeInIndex = 0; path = Rendezvous.app; sourceTree = BUILT_PRODUCTS_DIR; };
		73C77F7F154DB12B00453D96 /* UIKit.framework */ = {isa = PBXFileReference; lastKnownFileType = wrapper.framework; name = UIKit.framework; path = System/Library/Frameworks/UIKit.framework; sourceTree = SDKROOT; };
		73C77F81154DB12B00453D96 /* Foundation.framework */ = {isa = PBXFileReference; lastKnownFileType = wrapper.framework; name = Foundation.framework; path = System/Library/Frameworks/Foundation.framework; sourceTree = SDKROOT; };
		73C77F83154DB12B00453D96 /* CoreGraphics.framework */ = {isa = PBXFileReference; lastKnownFileType = wrapper.framework; name = CoreGraphics.framework; path = System/Library/Frameworks/CoreGraphics.framework; sourceTree = SDKROOT; };
		73C77F87154DB12B00453D96 /* Rendezvous-Info.plist */ = {isa = PBXFileReference; lastKnownFileType = text.plist.xml; path = "Rendezvous-Info.plist"; sourceTree = "<group>"; };
		73C77F89154DB12B00453D96 /* en */ = {isa = PBXFileReference; lastKnownFileType = text.plist.strings; name = en; path = en.lproj/InfoPlist.strings; sourceTree = "<group>"; };
		73C77F8B154DB12B00453D96 /* main.m */ = {isa = PBXFileReference; lastKnownFileType = sourcecode.c.objc; path = main.m; sourceTree = "<group>"; };
		73C77F8D154DB12B00453D96 /* Rendezvous-Prefix.pch */ = {isa = PBXFileReference; lastKnownFileType = sourcecode.c.h; path = "Rendezvous-Prefix.pch"; sourceTree = "<group>"; };
		73C77F8E154DB12B00453D96 /* RendezvousAppDelegate.h */ = {isa = PBXFileReference; lastKnownFileType = sourcecode.c.h; path = RendezvousAppDelegate.h; sourceTree = "<group>"; };
		73C77F8F154DB12B00453D96 /* RendezvousAppDelegate.m */ = {isa = PBXFileReference; lastKnownFileType = sourcecode.c.objc; path = RendezvousAppDelegate.m; sourceTree = "<group>"; };
		73C77F92154DB12B00453D96 /* en */ = {isa = PBXFileReference; lastKnownFileType = file.storyboard; name = en; path = en.lproj/MainStoryboard.storyboard; sourceTree = "<group>"; };
		73C77F94154DB12B00453D96 /* RendezvousHomeViewController.h */ = {isa = PBXFileReference; lastKnownFileType = sourcecode.c.h; path = RendezvousHomeViewController.h; sourceTree = "<group>"; };
		73C77F95154DB12B00453D96 /* RendezvousHomeViewController.m */ = {isa = PBXFileReference; lastKnownFileType = sourcecode.c.objc; path = RendezvousHomeViewController.m; sourceTree = "<group>"; };
		73C77F9C154DB1FE00453D96 /* RendezvousListTableViewController.h */ = {isa = PBXFileReference; fileEncoding = 4; lastKnownFileType = sourcecode.c.h; path = RendezvousListTableViewController.h; sourceTree = "<group>"; };
		73C77F9D154DB1FE00453D96 /* RendezvousListTableViewController.m */ = {isa = PBXFileReference; fileEncoding = 4; lastKnownFileType = sourcecode.c.objc; path = RendezvousListTableViewController.m; sourceTree = "<group>"; };
		73C77FA0154DB60200453D96 /* NSObject+SBJSON.h */ = {isa = PBXFileReference; lastKnownFileType = sourcecode.c.h; path = "NSObject+SBJSON.h"; sourceTree = "<group>"; };
		73C77FA1154DB60200453D96 /* NSObject+SBJSON.m */ = {isa = PBXFileReference; lastKnownFileType = sourcecode.c.objc; path = "NSObject+SBJSON.m"; sourceTree = "<group>"; };
		73C77FA2154DB60200453D96 /* NSString+SBJSON.h */ = {isa = PBXFileReference; lastKnownFileType = sourcecode.c.h; path = "NSString+SBJSON.h"; sourceTree = "<group>"; };
		73C77FA3154DB60200453D96 /* NSString+SBJSON.m */ = {isa = PBXFileReference; lastKnownFileType = sourcecode.c.objc; path = "NSString+SBJSON.m"; sourceTree = "<group>"; };
		73C77FA4154DB60200453D96 /* SBJsonBase.h */ = {isa = PBXFileReference; lastKnownFileType = sourcecode.c.h; path = SBJsonBase.h; sourceTree = "<group>"; };
		73C77FA5154DB60200453D96 /* SBJsonBase.m */ = {isa = PBXFileReference; lastKnownFileType = sourcecode.c.objc; path = SBJsonBase.m; sourceTree = "<group>"; };
		73C77FA6154DB60200453D96 /* SBJsonParser.h */ = {isa = PBXFileReference; lastKnownFileType = sourcecode.c.h; path = SBJsonParser.h; sourceTree = "<group>"; };
		73C77FA7154DB60200453D96 /* SBJsonParser.m */ = {isa = PBXFileReference; lastKnownFileType = sourcecode.c.objc; path = SBJsonParser.m; sourceTree = "<group>"; };
		73C77FA8154DB60200453D96 /* SBJsonWriter.h */ = {isa = PBXFileReference; lastKnownFileType = sourcecode.c.h; path = SBJsonWriter.h; sourceTree = "<group>"; };
		73C77FA9154DB60200453D96 /* SBJsonWriter.m */ = {isa = PBXFileReference; lastKnownFileType = sourcecode.c.objc; path = SBJsonWriter.m; sourceTree = "<group>"; };
		73C77FAA154DB60E00453D96 /* JSON.h */ = {isa = PBXFileReference; lastKnownFileType = sourcecode.c.h; path = JSON.h; sourceTree = "<group>"; };
		73C77FB0154DC35100453D96 /* Facebook.h */ = {isa = PBXFileReference; fileEncoding = 4; lastKnownFileType = sourcecode.c.h; path = Facebook.h; sourceTree = "<group>"; };
		73C77FB1154DC35100453D96 /* FBConnect.h */ = {isa = PBXFileReference; fileEncoding = 4; lastKnownFileType = sourcecode.c.h; path = FBConnect.h; sourceTree = "<group>"; };
		73C77FB2154DC35100453D96 /* FBDialog.bundle */ = {isa = PBXFileReference; lastKnownFileType = "wrapper.plug-in"; path = FBDialog.bundle; sourceTree = "<group>"; };
		73C77FB3154DC35100453D96 /* FBDialog.h */ = {isa = PBXFileReference; fileEncoding = 4; lastKnownFileType = sourcecode.c.h; path = FBDialog.h; sourceTree = "<group>"; };
		73C77FB4154DC35100453D96 /* FBFrictionlessRequestSettings.h */ = {isa = PBXFileReference; fileEncoding = 4; lastKnownFileType = sourcecode.c.h; path = FBFrictionlessRequestSettings.h; sourceTree = "<group>"; };
		73C77FB5154DC35100453D96 /* FBLoginDialog.h */ = {isa = PBXFileReference; fileEncoding = 4; lastKnownFileType = sourcecode.c.h; path = FBLoginDialog.h; sourceTree = "<group>"; };
		73C77FB6154DC35100453D96 /* FBRequest.h */ = {isa = PBXFileReference; fileEncoding = 4; lastKnownFileType = sourcecode.c.h; path = FBRequest.h; sourceTree = "<group>"; };
		73C77FB7154DC35100453D96 /* JSON.h */ = {isa = PBXFileReference; fileEncoding = 4; lastKnownFileType = sourcecode.c.h; path = JSON.h; sourceTree = "<group>"; };
		73C77FB8154DC35100453D96 /* libfacebook_ios_sdk.a */ = {isa = PBXFileReference; lastKnownFileType = archive.ar; path = libfacebook_ios_sdk.a; sourceTree = "<group>"; };
		73C77FB9154DC35100453D96 /* NSObject+SBJSON.h */ = {isa = PBXFileReference; fileEncoding = 4; lastKnownFileType = sourcecode.c.h; path = "NSObject+SBJSON.h"; sourceTree = "<group>"; };
		73C77FBA154DC35100453D96 /* NSString+SBJSON.h */ = {isa = PBXFileReference; fileEncoding = 4; lastKnownFileType = sourcecode.c.h; path = "NSString+SBJSON.h"; sourceTree = "<group>"; };
		73C77FBB154DC35100453D96 /* SBJSON.h */ = {isa = PBXFileReference; fileEncoding = 4; lastKnownFileType = sourcecode.c.h; path = SBJSON.h; sourceTree = "<group>"; };
		73C77FBC154DC35100453D96 /* SBJsonBase.h */ = {isa = PBXFileReference; fileEncoding = 4; lastKnownFileType = sourcecode.c.h; path = SBJsonBase.h; sourceTree = "<group>"; };
		73C77FBD154DC35100453D96 /* SBJsonParser.h */ = {isa = PBXFileReference; fileEncoding = 4; lastKnownFileType = sourcecode.c.h; path = SBJsonParser.h; sourceTree = "<group>"; };
		73C77FBE154DC35100453D96 /* SBJsonWriter.h */ = {isa = PBXFileReference; fileEncoding = 4; lastKnownFileType = sourcecode.c.h; path = SBJsonWriter.h; sourceTree = "<group>"; };
		73DCB76B1558A12100BDD62C /* RendezvousUserViewController.h */ = {isa = PBXFileReference; fileEncoding = 4; lastKnownFileType = sourcecode.c.h; path = RendezvousUserViewController.h; sourceTree = SOURCE_ROOT; };
		73DCB76C1558A12100BDD62C /* RendezvousUserViewController.m */ = {isa = PBXFileReference; fileEncoding = 4; lastKnownFileType = sourcecode.c.objc; path = RendezvousUserViewController.m; sourceTree = SOURCE_ROOT; };
		73E1142615696A32008D215E /* RendezvousAboutViewController.h */ = {isa = PBXFileReference; fileEncoding = 4; lastKnownFileType = sourcecode.c.h; path = RendezvousAboutViewController.h; sourceTree = SOURCE_ROOT; };
		73E1142715696A32008D215E /* RendezvousAboutViewController.m */ = {isa = PBXFileReference; fileEncoding = 4; lastKnownFileType = sourcecode.c.objc; path = RendezvousAboutViewController.m; sourceTree = SOURCE_ROOT; };
		73E1142A15698971008D215E /* RendezvousSearchDisplayController.h */ = {isa = PBXFileReference; fileEncoding = 4; lastKnownFileType = sourcecode.c.h; path = RendezvousSearchDisplayController.h; sourceTree = SOURCE_ROOT; };
		73E1142B15698971008D215E /* RendezvousSearchDisplayController.m */ = {isa = PBXFileReference; fileEncoding = 4; lastKnownFileType = sourcecode.c.objc; path = RendezvousSearchDisplayController.m; sourceTree = SOURCE_ROOT; };
		73FDAB5C156A45A100666F20 /* MWCaptionView.h */ = {isa = PBXFileReference; fileEncoding = 4; lastKnownFileType = sourcecode.c.h; path = MWCaptionView.h; sourceTree = "<group>"; };
		73FDAB5D156A45A100666F20 /* MWCaptionView.m */ = {isa = PBXFileReference; fileEncoding = 4; lastKnownFileType = sourcecode.c.objc; path = MWCaptionView.m; sourceTree = "<group>"; };
		73FDAB5E156A45A100666F20 /* MWPhoto.h */ = {isa = PBXFileReference; fileEncoding = 4; lastKnownFileType = sourcecode.c.h; path = MWPhoto.h; sourceTree = "<group>"; };
		73FDAB5F156A45A100666F20 /* MWPhoto.m */ = {isa = PBXFileReference; fileEncoding = 4; lastKnownFileType = sourcecode.c.objc; path = MWPhoto.m; sourceTree = "<group>"; };
		73FDAB60156A45A100666F20 /* MWPhotoBrowser.h */ = {isa = PBXFileReference; fileEncoding = 4; lastKnownFileType = sourcecode.c.h; path = MWPhotoBrowser.h; sourceTree = "<group>"; };
		73FDAB61156A45A100666F20 /* MWPhotoBrowser.m */ = {isa = PBXFileReference; fileEncoding = 4; lastKnownFileType = sourcecode.c.objc; path = MWPhotoBrowser.m; sourceTree = "<group>"; };
		73FDAB62156A45A100666F20 /* MWPhotoProtocol.h */ = {isa = PBXFileReference; fileEncoding = 4; lastKnownFileType = sourcecode.c.h; path = MWPhotoProtocol.h; sourceTree = "<group>"; };
		73FDAB63156A45A100666F20 /* MWTapDetectingImageView.h */ = {isa = PBXFileReference; fileEncoding = 4; lastKnownFileType = sourcecode.c.h; path = MWTapDetectingImageView.h; sourceTree = "<group>"; };
		73FDAB64156A45A100666F20 /* MWTapDetectingImageView.m */ = {isa = PBXFileReference; fileEncoding = 4; lastKnownFileType = sourcecode.c.objc; path = MWTapDetectingImageView.m; sourceTree = "<group>"; };
		73FDAB65156A45A100666F20 /* MWTapDetectingView.h */ = {isa = PBXFileReference; fileEncoding = 4; lastKnownFileType = sourcecode.c.h; path = MWTapDetectingView.h; sourceTree = "<group>"; };
		73FDAB66156A45A100666F20 /* MWTapDetectingView.m */ = {isa = PBXFileReference; fileEncoding = 4; lastKnownFileType = sourcecode.c.objc; path = MWTapDetectingView.m; sourceTree = "<group>"; };
		73FDAB67156A45A100666F20 /* MWZoomingScrollView.h */ = {isa = PBXFileReference; fileEncoding = 4; lastKnownFileType = sourcecode.c.h; path = MWZoomingScrollView.h; sourceTree = "<group>"; };
		73FDAB68156A45A100666F20 /* MWZoomingScrollView.m */ = {isa = PBXFileReference; fileEncoding = 4; lastKnownFileType = sourcecode.c.objc; path = MWZoomingScrollView.m; sourceTree = "<group>"; };
		73FDAB6B156A45A100666F20 /* MBProgressHUD.h */ = {isa = PBXFileReference; fileEncoding = 4; lastKnownFileType = sourcecode.c.h; path = MBProgressHUD.h; sourceTree = "<group>"; };
		73FDAB6C156A45A100666F20 /* MBProgressHUD.m */ = {isa = PBXFileReference; fileEncoding = 4; lastKnownFileType = sourcecode.c.objc; path = MBProgressHUD.m; sourceTree = "<group>"; };
		73FDAB6D156A45A200666F20 /* README.mdown */ = {isa = PBXFileReference; fileEncoding = 4; lastKnownFileType = text; path = README.mdown; sourceTree = "<group>"; };
		73FDAB6F156A45A200666F20 /* .gitignore */ = {isa = PBXFileReference; fileEncoding = 4; lastKnownFileType = text; path = .gitignore; sourceTree = "<group>"; };
		73FDAB70156A45A200666F20 /* LICENSE */ = {isa = PBXFileReference; fileEncoding = 4; lastKnownFileType = text; path = LICENSE; sourceTree = "<group>"; };
		73FDAB71156A45A200666F20 /* README.md */ = {isa = PBXFileReference; fileEncoding = 4; lastKnownFileType = text; path = README.md; sourceTree = "<group>"; };
		73FDAB72156A45A200666F20 /* SDImageCache.h */ = {isa = PBXFileReference; fileEncoding = 4; lastKnownFileType = sourcecode.c.h; path = SDImageCache.h; sourceTree = "<group>"; };
		73FDAB73156A45A200666F20 /* SDImageCache.m */ = {isa = PBXFileReference; fileEncoding = 4; lastKnownFileType = sourcecode.c.objc; path = SDImageCache.m; sourceTree = "<group>"; };
		73FDAB74156A45A200666F20 /* SDImageCacheDelegate.h */ = {isa = PBXFileReference; fileEncoding = 4; lastKnownFileType = sourcecode.c.h; path = SDImageCacheDelegate.h; sourceTree = "<group>"; };
		73FDAB75156A45A200666F20 /* SDWebImageCompat.h */ = {isa = PBXFileReference; fileEncoding = 4; lastKnownFileType = sourcecode.c.h; path = SDWebImageCompat.h; sourceTree = "<group>"; };
		73FDAB76156A45A200666F20 /* SDWebImageDecoder.h */ = {isa = PBXFileReference; fileEncoding = 4; lastKnownFileType = sourcecode.c.h; path = SDWebImageDecoder.h; sourceTree = "<group>"; };
		73FDAB77156A45A200666F20 /* SDWebImageDecoder.m */ = {isa = PBXFileReference; fileEncoding = 4; lastKnownFileType = sourcecode.c.objc; path = SDWebImageDecoder.m; sourceTree = "<group>"; };
		73FDAB78156A45A200666F20 /* SDWebImageDownloader.h */ = {isa = PBXFileReference; fileEncoding = 4; lastKnownFileType = sourcecode.c.h; path = SDWebImageDownloader.h; sourceTree = "<group>"; };
		73FDAB79156A45A200666F20 /* SDWebImageDownloader.m */ = {isa = PBXFileReference; fileEncoding = 4; lastKnownFileType = sourcecode.c.objc; path = SDWebImageDownloader.m; sourceTree = "<group>"; };
		73FDAB7A156A45A200666F20 /* SDWebImageDownloaderDelegate.h */ = {isa = PBXFileReference; fileEncoding = 4; lastKnownFileType = sourcecode.c.h; path = SDWebImageDownloaderDelegate.h; sourceTree = "<group>"; };
		73FDAB7B156A45A200666F20 /* SDWebImageManager.h */ = {isa = PBXFileReference; fileEncoding = 4; lastKnownFileType = sourcecode.c.h; path = SDWebImageManager.h; sourceTree = "<group>"; };
		73FDAB7C156A45A200666F20 /* SDWebImageManager.m */ = {isa = PBXFileReference; fileEncoding = 4; lastKnownFileType = sourcecode.c.objc; path = SDWebImageManager.m; sourceTree = "<group>"; };
		73FDAB7D156A45A200666F20 /* SDWebImageManagerDelegate.h */ = {isa = PBXFileReference; fileEncoding = 4; lastKnownFileType = sourcecode.c.h; path = SDWebImageManagerDelegate.h; sourceTree = "<group>"; };
		73FDAB7E156A45A200666F20 /* SDWebImagePrefetcher.h */ = {isa = PBXFileReference; fileEncoding = 4; lastKnownFileType = sourcecode.c.h; path = SDWebImagePrefetcher.h; sourceTree = "<group>"; };
		73FDAB7F156A45A200666F20 /* SDWebImagePrefetcher.m */ = {isa = PBXFileReference; fileEncoding = 4; lastKnownFileType = sourcecode.c.objc; path = SDWebImagePrefetcher.m; sourceTree = "<group>"; };
		73FDAB80156A45A200666F20 /* UIButton+WebCache.h */ = {isa = PBXFileReference; fileEncoding = 4; lastKnownFileType = sourcecode.c.h; path = "UIButton+WebCache.h"; sourceTree = "<group>"; };
		73FDAB81156A45A200666F20 /* UIButton+WebCache.m */ = {isa = PBXFileReference; fileEncoding = 4; lastKnownFileType = sourcecode.c.objc; path = "UIButton+WebCache.m"; sourceTree = "<group>"; };
		73FDAB82156A45A200666F20 /* UIImageView+WebCache.h */ = {isa = PBXFileReference; fileEncoding = 4; lastKnownFileType = sourcecode.c.h; path = "UIImageView+WebCache.h"; sourceTree = "<group>"; };
		73FDAB83156A45A200666F20 /* UIImageView+WebCache.m */ = {isa = PBXFileReference; fileEncoding = 4; lastKnownFileType = sourcecode.c.objc; path = "UIImageView+WebCache.m"; sourceTree = "<group>"; };
		73FDAB96156A45DC00666F20 /* MWPhotoBrowser.bundle */ = {isa = PBXFileReference; lastKnownFileType = "wrapper.plug-in"; path = MWPhotoBrowser.bundle; sourceTree = "<group>"; };
		76D3195F1559C0EF0080EFB6 /* RendezvousSplashViewController.h */ = {isa = PBXFileReference; fileEncoding = 4; lastKnownFileType = sourcecode.c.h; path = RendezvousSplashViewController.h; sourceTree = SOURCE_ROOT; };
		76D319601559C0EF0080EFB6 /* RendezvousSplashViewController.m */ = {isa = PBXFileReference; fileEncoding = 4; lastKnownFileType = sourcecode.c.objc; path = RendezvousSplashViewController.m; sourceTree = SOURCE_ROOT; };
		76D319671559E99F0080EFB6 /* Default.png */ = {isa = PBXFileReference; lastKnownFileType = image.png; path = Default.png; sourceTree = "<group>"; };
		76DFFE09155DC2D30044C493 /* apple-touch-icon-precomposed.png */ = {isa = PBXFileReference; lastKnownFileType = image.png; path = "apple-touch-icon-precomposed.png"; sourceTree = "<group>"; };
/* End PBXFileReference section */

/* Begin PBXFrameworksBuildPhase section */
		73C77F78154DB12B00453D96 /* Frameworks */ = {
			isa = PBXFrameworksBuildPhase;
			buildActionMask = 2147483647;
			files = (
				73C77F80154DB12B00453D96 /* UIKit.framework in Frameworks */,
				73C77F82154DB12B00453D96 /* Foundation.framework in Frameworks */,
				73C77F84154DB12B00453D96 /* CoreGraphics.framework in Frameworks */,
				73C77FC0154DC35100453D96 /* libfacebook_ios_sdk.a in Frameworks */,
			);
			runOnlyForDeploymentPostprocessing = 0;
		};
/* End PBXFrameworksBuildPhase section */

/* Begin PBXGroup section */
		730F62AA154E4EC400644C80 /* View Controllers */ = {
			isa = PBXGroup;
			children = (
				73E1142A15698971008D215E /* RendezvousSearchDisplayController.h */,
				73E1142B15698971008D215E /* RendezvousSearchDisplayController.m */,
				73E1142615696A32008D215E /* RendezvousAboutViewController.h */,
				73E1142715696A32008D215E /* RendezvousAboutViewController.m */,
				76D3195F1559C0EF0080EFB6 /* RendezvousSplashViewController.h */,
				76D319601559C0EF0080EFB6 /* RendezvousSplashViewController.m */,
				732809F31555CB9400C716AD /* RendezvousAddTableViewController.h */,
				732809F41555CB9400C716AD /* RendezvousAddTableViewController.m */,
				73C77F9C154DB1FE00453D96 /* RendezvousListTableViewController.h */,
				73C77F9D154DB1FE00453D96 /* RendezvousListTableViewController.m */,
				73C77F94154DB12B00453D96 /* RendezvousHomeViewController.h */,
				73C77F95154DB12B00453D96 /* RendezvousHomeViewController.m */,
				73DCB76B1558A12100BDD62C /* RendezvousUserViewController.h */,
				73DCB76C1558A12100BDD62C /* RendezvousUserViewController.m */,
				730F62A7154E4EBC00644C80 /* RendezvousMatchViewControllerViewController.h */,
				730F62A8154E4EBC00644C80 /* RendezvousMatchViewControllerViewController.m */,
			);
			name = "View Controllers";
			sourceTree = "<group>";
		};
		73C77F70154DB12B00453D96 = {
			isa = PBXGroup;
			children = (
				73FDAB96156A45DC00666F20 /* MWPhotoBrowser.bundle */,
				73FDAB5B156A45A100666F20 /* Classes */,
				73FDAB69156A45A100666F20 /* Libraries */,
				76DFFE09155DC2D30044C493 /* apple-touch-icon-precomposed.png */,
				76D319671559E99F0080EFB6 /* Default.png */,
				73C77F85154DB12B00453D96 /* Rendezvous */,
				73C77F7E154DB12B00453D96 /* Frameworks */,
				73C77F7C154DB12B00453D96 /* Products */,
			);
			sourceTree = "<group>";
		};
		73C77F7C154DB12B00453D96 /* Products */ = {
			isa = PBXGroup;
			children = (
				73C77F7B154DB12B00453D96 /* Rendezvous.app */,
			);
			name = Products;
			sourceTree = "<group>";
		};
		73C77F7E154DB12B00453D96 /* Frameworks */ = {
			isa = PBXGroup;
			children = (
				73C77F7F154DB12B00453D96 /* UIKit.framework */,
				73C77F81154DB12B00453D96 /* Foundation.framework */,
				73C77F83154DB12B00453D96 /* CoreGraphics.framework */,
			);
			name = Frameworks;
			sourceTree = "<group>";
		};
		73C77F85154DB12B00453D96 /* Rendezvous */ = {
			isa = PBXGroup;
			children = (
				73C77FAF154DC35100453D96 /* facebook-ios-sdk */,
				73C77F9F154DB5EA00453D96 /* JSON */,
				73C77F8E154DB12B00453D96 /* RendezvousAppDelegate.h */,
				73C77F8F154DB12B00453D96 /* RendezvousAppDelegate.m */,
				73C77F91154DB12B00453D96 /* MainStoryboard.storyboard */,
				730F62AA154E4EC400644C80 /* View Controllers */,
				730F62A3154E4C9800644C80 /* RendezvousCurrentUser.h */,
				730F62A4154E4C9800644C80 /* RendezvousCurrentUser.m */,
				73C77F86154DB12B00453D96 /* Supporting Files */,
			);
			path = Rendezvous;
			sourceTree = "<group>";
		};
		73C77F86154DB12B00453D96 /* Supporting Files */ = {
			isa = PBXGroup;
			children = (
				73C77F87154DB12B00453D96 /* Rendezvous-Info.plist */,
				73C77F88154DB12B00453D96 /* InfoPlist.strings */,
				73C77F8B154DB12B00453D96 /* main.m */,
				73C77F8D154DB12B00453D96 /* Rendezvous-Prefix.pch */,
			);
			name = "Supporting Files";
			sourceTree = "<group>";
		};
		73C77F9F154DB5EA00453D96 /* JSON */ = {
			isa = PBXGroup;
			children = (
				73C77FAA154DB60E00453D96 /* JSON.h */,
				73C77FA0154DB60200453D96 /* NSObject+SBJSON.h */,
				73C77FA1154DB60200453D96 /* NSObject+SBJSON.m */,
				73C77FA2154DB60200453D96 /* NSString+SBJSON.h */,
				73C77FA3154DB60200453D96 /* NSString+SBJSON.m */,
				73C77FA4154DB60200453D96 /* SBJsonBase.h */,
				73C77FA5154DB60200453D96 /* SBJsonBase.m */,
				73C77FA6154DB60200453D96 /* SBJsonParser.h */,
				73C77FA7154DB60200453D96 /* SBJsonParser.m */,
				73C77FA8154DB60200453D96 /* SBJsonWriter.h */,
				73C77FA9154DB60200453D96 /* SBJsonWriter.m */,
			);
			name = JSON;
			sourceTree = "<group>";
		};
		73C77FAF154DC35100453D96 /* facebook-ios-sdk */ = {
			isa = PBXGroup;
			children = (
				73C77FB0154DC35100453D96 /* Facebook.h */,
				73C77FB1154DC35100453D96 /* FBConnect.h */,
				73C77FB2154DC35100453D96 /* FBDialog.bundle */,
				73C77FB3154DC35100453D96 /* FBDialog.h */,
				73C77FB4154DC35100453D96 /* FBFrictionlessRequestSettings.h */,
				73C77FB5154DC35100453D96 /* FBLoginDialog.h */,
				73C77FB6154DC35100453D96 /* FBRequest.h */,
				73C77FB7154DC35100453D96 /* JSON.h */,
				73C77FB8154DC35100453D96 /* libfacebook_ios_sdk.a */,
				73C77FB9154DC35100453D96 /* NSObject+SBJSON.h */,
				73C77FBA154DC35100453D96 /* NSString+SBJSON.h */,
				73C77FBB154DC35100453D96 /* SBJSON.h */,
				73C77FBC154DC35100453D96 /* SBJsonBase.h */,
				73C77FBD154DC35100453D96 /* SBJsonParser.h */,
				73C77FBE154DC35100453D96 /* SBJsonWriter.h */,
			);
			path = "facebook-ios-sdk";
			sourceTree = "<group>";
		};
		73FDAB5B156A45A100666F20 /* Classes */ = {
			isa = PBXGroup;
			children = (
				73FDAB5C156A45A100666F20 /* MWCaptionView.h */,
				73FDAB5D156A45A100666F20 /* MWCaptionView.m */,
				73FDAB5E156A45A100666F20 /* MWPhoto.h */,
				73FDAB5F156A45A100666F20 /* MWPhoto.m */,
				73FDAB60156A45A100666F20 /* MWPhotoBrowser.h */,
				73FDAB61156A45A100666F20 /* MWPhotoBrowser.m */,
				73FDAB62156A45A100666F20 /* MWPhotoProtocol.h */,
				73FDAB63156A45A100666F20 /* MWTapDetectingImageView.h */,
				73FDAB64156A45A100666F20 /* MWTapDetectingImageView.m */,
				73FDAB65156A45A100666F20 /* MWTapDetectingView.h */,
				73FDAB66156A45A100666F20 /* MWTapDetectingView.m */,
				73FDAB67156A45A100666F20 /* MWZoomingScrollView.h */,
				73FDAB68156A45A100666F20 /* MWZoomingScrollView.m */,
			);
			path = Classes;
			sourceTree = "<group>";
		};
		73FDAB69156A45A100666F20 /* Libraries */ = {
			isa = PBXGroup;
			children = (
				73FDAB6A156A45A100666F20 /* MBProgressHUD */,
				73FDAB6E156A45A200666F20 /* SDWebImage */,
			);
			path = Libraries;
			sourceTree = "<group>";
		};
		73FDAB6A156A45A100666F20 /* MBProgressHUD */ = {
			isa = PBXGroup;
			children = (
				73FDAB6B156A45A100666F20 /* MBProgressHUD.h */,
				73FDAB6C156A45A100666F20 /* MBProgressHUD.m */,
				73FDAB6D156A45A200666F20 /* README.mdown */,
			);
			path = MBProgressHUD;
			sourceTree = "<group>";
		};
		73FDAB6E156A45A200666F20 /* SDWebImage */ = {
			isa = PBXGroup;
			children = (
				73FDAB6F156A45A200666F20 /* .gitignore */,
				73FDAB70156A45A200666F20 /* LICENSE */,
				73FDAB71156A45A200666F20 /* README.md */,
				73FDAB72156A45A200666F20 /* SDImageCache.h */,
				73FDAB73156A45A200666F20 /* SDImageCache.m */,
				73FDAB74156A45A200666F20 /* SDImageCacheDelegate.h */,
				73FDAB75156A45A200666F20 /* SDWebImageCompat.h */,
				73FDAB76156A45A200666F20 /* SDWebImageDecoder.h */,
				73FDAB77156A45A200666F20 /* SDWebImageDecoder.m */,
				73FDAB78156A45A200666F20 /* SDWebImageDownloader.h */,
				73FDAB79156A45A200666F20 /* SDWebImageDownloader.m */,
				73FDAB7A156A45A200666F20 /* SDWebImageDownloaderDelegate.h */,
				73FDAB7B156A45A200666F20 /* SDWebImageManager.h */,
				73FDAB7C156A45A200666F20 /* SDWebImageManager.m */,
				73FDAB7D156A45A200666F20 /* SDWebImageManagerDelegate.h */,
				73FDAB7E156A45A200666F20 /* SDWebImagePrefetcher.h */,
				73FDAB7F156A45A200666F20 /* SDWebImagePrefetcher.m */,
				73FDAB80156A45A200666F20 /* UIButton+WebCache.h */,
				73FDAB81156A45A200666F20 /* UIButton+WebCache.m */,
				73FDAB82156A45A200666F20 /* UIImageView+WebCache.h */,
				73FDAB83156A45A200666F20 /* UIImageView+WebCache.m */,
			);
			path = SDWebImage;
			sourceTree = "<group>";
		};
/* End PBXGroup section */

/* Begin PBXNativeTarget section */
		73C77F7A154DB12B00453D96 /* Rendezvous */ = {
			isa = PBXNativeTarget;
			buildConfigurationList = 73C77F99154DB12B00453D96 /* Build configuration list for PBXNativeTarget "Rendezvous" */;
			buildPhases = (
				73C77F77154DB12B00453D96 /* Sources */,
				73C77F78154DB12B00453D96 /* Frameworks */,
				73C77F79154DB12B00453D96 /* Resources */,
			);
			buildRules = (
			);
			dependencies = (
			);
			name = Rendezvous;
			productName = Rendezvous;
			productReference = 73C77F7B154DB12B00453D96 /* Rendezvous.app */;
			productType = "com.apple.product-type.application";
		};
/* End PBXNativeTarget section */

/* Begin PBXProject section */
		73C77F72154DB12B00453D96 /* Project object */ = {
			isa = PBXProject;
			attributes = {
				CLASSPREFIX = Rendezvous;
				LastUpgradeCheck = 0430;
			};
			buildConfigurationList = 73C77F75154DB12B00453D96 /* Build configuration list for PBXProject "Rendezvous" */;
			compatibilityVersion = "Xcode 3.2";
			developmentRegion = English;
			hasScannedForEncodings = 0;
			knownRegions = (
				en,
			);
			mainGroup = 73C77F70154DB12B00453D96;
			productRefGroup = 73C77F7C154DB12B00453D96 /* Products */;
			projectDirPath = "";
			projectRoot = "";
			targets = (
				73C77F7A154DB12B00453D96 /* Rendezvous */,
			);
		};
/* End PBXProject section */

/* Begin PBXResourcesBuildPhase section */
		73C77F79154DB12B00453D96 /* Resources */ = {
			isa = PBXResourcesBuildPhase;
			buildActionMask = 2147483647;
			files = (
				73C77F8A154DB12B00453D96 /* InfoPlist.strings in Resources */,
				73C77F93154DB12B00453D96 /* MainStoryboard.storyboard in Resources */,
				73C77FBF154DC35100453D96 /* FBDialog.bundle in Resources */,
				76D319681559E99F0080EFB6 /* Default.png in Resources */,
				76DFFE0A155DC2D30044C493 /* apple-touch-icon-precomposed.png in Resources */,
				73FDAB8B156A45A200666F20 /* README.mdown in Resources */,
				73FDAB8C156A45A200666F20 /* .gitignore in Resources */,
				73FDAB8D156A45A200666F20 /* LICENSE in Resources */,
				73FDAB8E156A45A200666F20 /* README.md in Resources */,
				73FDAB97156A45DC00666F20 /* MWPhotoBrowser.bundle in Resources */,
			);
			runOnlyForDeploymentPostprocessing = 0;
		};
/* End PBXResourcesBuildPhase section */

/* Begin PBXSourcesBuildPhase section */
		73C77F77154DB12B00453D96 /* Sources */ = {
			isa = PBXSourcesBuildPhase;
			buildActionMask = 2147483647;
			files = (
				73C77F8C154DB12B00453D96 /* main.m in Sources */,
				73C77F90154DB12B00453D96 /* RendezvousAppDelegate.m in Sources */,
				73C77F96154DB12B00453D96 /* RendezvousHomeViewController.m in Sources */,
				73C77F9E154DB1FE00453D96 /* RendezvousListTableViewController.m in Sources */,
				730F62A5154E4C9800644C80 /* RendezvousCurrentUser.m in Sources */,
				730F62A9154E4EBC00644C80 /* RendezvousMatchViewControllerViewController.m in Sources */,
				732809F51555CB9400C716AD /* RendezvousAddTableViewController.m in Sources */,
				73DCB76D1558A12100BDD62C /* RendezvousUserViewController.m in Sources */,
				76D319611559C0EF0080EFB6 /* RendezvousSplashViewController.m in Sources */,
				73E1142815696A32008D215E /* RendezvousAboutViewController.m in Sources */,
				73E1142C15698971008D215E /* RendezvousSearchDisplayController.m in Sources */,
				73FDAB84156A45A200666F20 /* MWCaptionView.m in Sources */,
				73FDAB85156A45A200666F20 /* MWPhoto.m in Sources */,
				73FDAB86156A45A200666F20 /* MWPhotoBrowser.m in Sources */,
				73FDAB87156A45A200666F20 /* MWTapDetectingImageView.m in Sources */,
				73FDAB88156A45A200666F20 /* MWTapDetectingView.m in Sources */,
				73FDAB89156A45A200666F20 /* MWZoomingScrollView.m in Sources */,
				73FDAB8A156A45A200666F20 /* MBProgressHUD.m in Sources */,
				73FDAB8F156A45A200666F20 /* SDImageCache.m in Sources */,
				73FDAB90156A45A200666F20 /* SDWebImageDecoder.m in Sources */,
				73FDAB91156A45A200666F20 /* SDWebImageDownloader.m in Sources */,
				73FDAB92156A45A200666F20 /* SDWebImageManager.m in Sources */,
				73FDAB93156A45A200666F20 /* SDWebImagePrefetcher.m in Sources */,
				73FDAB94156A45A200666F20 /* UIButton+WebCache.m in Sources */,
				73FDAB95156A45A200666F20 /* UIImageView+WebCache.m in Sources */,
			);
			runOnlyForDeploymentPostprocessing = 0;
		};
/* End PBXSourcesBuildPhase section */

/* Begin PBXVariantGroup section */
		73C77F88154DB12B00453D96 /* InfoPlist.strings */ = {
			isa = PBXVariantGroup;
			children = (
				73C77F89154DB12B00453D96 /* en */,
			);
			name = InfoPlist.strings;
			sourceTree = "<group>";
		};
		73C77F91154DB12B00453D96 /* MainStoryboard.storyboard */ = {
			isa = PBXVariantGroup;
			children = (
				73C77F92154DB12B00453D96 /* en */,
			);
			name = MainStoryboard.storyboard;
			sourceTree = "<group>";
		};
/* End PBXVariantGroup section */

/* Begin XCBuildConfiguration section */
		73C77F97154DB12B00453D96 /* Debug */ = {
			isa = XCBuildConfiguration;
			buildSettings = {
				ALWAYS_SEARCH_USER_PATHS = NO;
				ARCHS = "$(ARCHS_STANDARD_32_BIT)";
				CLANG_ENABLE_OBJC_ARC = YES;
				"CODE_SIGN_IDENTITY[sdk=iphoneos*]" = "iPhone Developer";
				COPY_PHASE_STRIP = NO;
				GCC_C_LANGUAGE_STANDARD = gnu99;
				GCC_DYNAMIC_NO_PIC = NO;
				GCC_OPTIMIZATION_LEVEL = 0;
				GCC_PREPROCESSOR_DEFINITIONS = (
					"DEBUG=1",
					"$(inherited)",
				);
				GCC_SYMBOLS_PRIVATE_EXTERN = NO;
				GCC_VERSION = com.apple.compilers.llvm.clang.1_0;
				GCC_WARN_ABOUT_RETURN_TYPE = YES;
				GCC_WARN_UNINITIALIZED_AUTOS = YES;
				GCC_WARN_UNUSED_VARIABLE = YES;
				IPHONEOS_DEPLOYMENT_TARGET = 5.1;
				SDKROOT = iphoneos;
			};
			name = Debug;
		};
		73C77F98154DB12B00453D96 /* Release */ = {
			isa = XCBuildConfiguration;
			buildSettings = {
				ALWAYS_SEARCH_USER_PATHS = NO;
				ARCHS = "$(ARCHS_STANDARD_32_BIT)";
				CLANG_ENABLE_OBJC_ARC = YES;
				"CODE_SIGN_IDENTITY[sdk=iphoneos*]" = "iPhone Developer";
				COPY_PHASE_STRIP = YES;
				GCC_C_LANGUAGE_STANDARD = gnu99;
				GCC_VERSION = com.apple.compilers.llvm.clang.1_0;
				GCC_WARN_ABOUT_RETURN_TYPE = YES;
				GCC_WARN_UNINITIALIZED_AUTOS = YES;
				GCC_WARN_UNUSED_VARIABLE = YES;
				IPHONEOS_DEPLOYMENT_TARGET = 5.1;
				OTHER_CFLAGS = "-DNS_BLOCK_ASSERTIONS=1";
				SDKROOT = iphoneos;
				VALIDATE_PRODUCT = YES;
			};
			name = Release;
		};
		73C77F9A154DB12B00453D96 /* Debug */ = {
			isa = XCBuildConfiguration;
			buildSettings = {
				CODE_SIGN_IDENTITY = "iPhone Developer";
				"CODE_SIGN_IDENTITY[sdk=iphoneos*]" = "iPhone Developer: Deniz Kahramaner (CZ3G84X6H3)";
				GCC_PRECOMPILE_PREFIX_HEADER = YES;
				GCC_PREFIX_HEADER = "Rendezvous/Rendezvous-Prefix.pch";
				INFOPLIST_FILE = "Rendezvous/Rendezvous-Info.plist";
				LIBRARY_SEARCH_PATHS = (
					"$(inherited)",
					"\"$(SRCROOT)/Rendezvous/facebook-ios-sdk\"",
					"\"$(SRCROOT)/libs-universal_three20_1.0.6.2/libs-universal\"",
				);
				PRODUCT_NAME = "$(TARGET_NAME)";
				PROVISIONING_PROFILE = "";
				"PROVISIONING_PROFILE[sdk=iphoneos*]" = "26DDF5CC-90D0-4B41-99EB-BFE458CA777D";
				WRAPPER_EXTENSION = app;
			};
			name = Debug;
		};
		73C77F9B154DB12B00453D96 /* Release */ = {
			isa = XCBuildConfiguration;
			buildSettings = {
				CODE_SIGN_IDENTITY = "iPhone Developer";
				"CODE_SIGN_IDENTITY[sdk=iphoneos*]" = "iPhone Developer: Deniz Kahramaner (CZ3G84X6H3)";
				GCC_PRECOMPILE_PREFIX_HEADER = YES;
				GCC_PREFIX_HEADER = "Rendezvous/Rendezvous-Prefix.pch";
				INFOPLIST_FILE = "Rendezvous/Rendezvous-Info.plist";
				LIBRARY_SEARCH_PATHS = (
					"$(inherited)",
					"\"$(SRCROOT)/Rendezvous/facebook-ios-sdk\"",
					"\"$(SRCROOT)/libs-universal_three20_1.0.6.2/libs-universal\"",
				);
				PRODUCT_NAME = "$(TARGET_NAME)";
				PROVISIONING_PROFILE = "";
				"PROVISIONING_PROFILE[sdk=iphoneos*]" = "26DDF5CC-90D0-4B41-99EB-BFE458CA777D";
				WRAPPER_EXTENSION = app;
			};
			name = Release;
		};
/* End XCBuildConfiguration section */

/* Begin XCConfigurationList section */
		73C77F75154DB12B00453D96 /* Build configuration list for PBXProject "Rendezvous" */ = {
			isa = XCConfigurationList;
			buildConfigurations = (
				73C77F97154DB12B00453D96 /* Debug */,
				73C77F98154DB12B00453D96 /* Release */,
			);
			defaultConfigurationIsVisible = 0;
			defaultConfigurationName = Release;
		};
		73C77F99154DB12B00453D96 /* Build configuration list for PBXNativeTarget "Rendezvous" */ = {
			isa = XCConfigurationList;
			buildConfigurations = (
				73C77F9A154DB12B00453D96 /* Debug */,
				73C77F9B154DB12B00453D96 /* Release */,
			);
			defaultConfigurationIsVisible = 0;
			defaultConfigurationName = Release;
		};
/* End XCConfigurationList section */
	};
	rootObject = 73C77F72154DB12B00453D96 /* Project object */;
}
